// !$*UTF8*$!
{
	archiveVersion = 1;
	classes = {
	};
	objectVersion = 46;
	objects = {

/* Begin PBXBuildFile section */
		AA758B2B1A362EA6007DEEA9 /* AppDelegate.swift in Sources */ = {isa = PBXBuildFile; fileRef = AA758B2A1A362EA6007DEEA9 /* AppDelegate.swift */; };
		AA758B2F1A362EA6007DEEA9 /* GameScene.swift in Sources */ = {isa = PBXBuildFile; fileRef = AA758B2E1A362EA6007DEEA9 /* GameScene.swift */; };
		AA758B341A362EA6007DEEA9 /* Main.storyboard in Resources */ = {isa = PBXBuildFile; fileRef = AA758B321A362EA6007DEEA9 /* Main.storyboard */; };
		AA758B391A362EA6007DEEA9 /* LaunchScreen.xib in Resources */ = {isa = PBXBuildFile; fileRef = AA758B371A362EA6007DEEA9 /* LaunchScreen.xib */; };
		AA758B451A362EA6007DEEA9 /* CompoundTests.swift in Sources */ = {isa = PBXBuildFile; fileRef = AA758B441A362EA6007DEEA9 /* CompoundTests.swift */; };
		AA758B4F1A363009007DEEA9 /* Button.swift in Sources */ = {isa = PBXBuildFile; fileRef = AA758B4E1A363009007DEEA9 /* Button.swift */; };
		AA758B511A3631BF007DEEA9 /* BusinessLogic.swift in Sources */ = {isa = PBXBuildFile; fileRef = AA758B501A3631BF007DEEA9 /* BusinessLogic.swift */; };
		AA758B661A363248007DEEA9 /* LaunchScreen.xib in Resources */ = {isa = PBXBuildFile; fileRef = AA758B531A363248007DEEA9 /* LaunchScreen.xib */; };
		AA758B671A363248007DEEA9 /* Main.storyboard in Resources */ = {isa = PBXBuildFile; fileRef = AA758B551A363248007DEEA9 /* Main.storyboard */; };
		AA758B681A363248007DEEA9 /* Challenge.swift in Sources */ = {isa = PBXBuildFile; fileRef = AA758B581A363248007DEEA9 /* Challenge.swift */; };
		AA758B6B1A363248007DEEA9 /* DataAccess.swift in Sources */ = {isa = PBXBuildFile; fileRef = AA758B5B1A363248007DEEA9 /* DataAccess.swift */; };
		AA758B6C1A363248007DEEA9 /* GameViewController.swift in Sources */ = {isa = PBXBuildFile; fileRef = AA758B5C1A363248007DEEA9 /* GameViewController.swift */; };
		AA758B6D1A363248007DEEA9 /* Images.xcassets in Resources */ = {isa = PBXBuildFile; fileRef = AA758B5D1A363248007DEEA9 /* Images.xcassets */; };
		AA758B6E1A363248007DEEA9 /* Keyboard.swift in Sources */ = {isa = PBXBuildFile; fileRef = AA758B5E1A363248007DEEA9 /* Keyboard.swift */; };
		AA758B711A363248007DEEA9 /* Set.swift in Sources */ = {isa = PBXBuildFile; fileRef = AA758B611A363248007DEEA9 /* Set.swift */; };
		AA758B731A363248007DEEA9 /* StreamReader.swift in Sources */ = {isa = PBXBuildFile; fileRef = AA758B631A363248007DEEA9 /* StreamReader.swift */; };
		AA758B751A363248007DEEA9 /* WordPair.swift in Sources */ = {isa = PBXBuildFile; fileRef = AA758B651A363248007DEEA9 /* WordPair.swift */; };
		AA758B7B1A3632B1007DEEA9 /* SQLiteDB.swift in Sources */ = {isa = PBXBuildFile; fileRef = AA758B791A3632B1007DEEA9 /* SQLiteDB.swift */; };
		AA758B7C1A3632B1007DEEA9 /* String-Extras.swift in Sources */ = {isa = PBXBuildFile; fileRef = AA758B7A1A3632B1007DEEA9 /* String-Extras.swift */; };
		AA758B821A363324007DEEA9 /* combinations.txt in Resources */ = {isa = PBXBuildFile; fileRef = AA758B7E1A363324007DEEA9 /* combinations.txt */; };
		AA758B831A363324007DEEA9 /* Combine.db in Resources */ = {isa = PBXBuildFile; fileRef = AA758B7F1A363324007DEEA9 /* Combine.db */; };
		AA758B841A363324007DEEA9 /* keywords.txt in Resources */ = {isa = PBXBuildFile; fileRef = AA758B801A363324007DEEA9 /* keywords.txt */; };
		AA758B851A363324007DEEA9 /* keywords.xml in Resources */ = {isa = PBXBuildFile; fileRef = AA758B811A363324007DEEA9 /* keywords.xml */; };
		AA758B871A3633A2007DEEA9 /* libsqlite3.dylib in Frameworks */ = {isa = PBXBuildFile; fileRef = AA758B861A3633A2007DEEA9 /* libsqlite3.dylib */; };
/* End PBXBuildFile section */

/* Begin PBXContainerItemProxy section */
		AA758B3F1A362EA6007DEEA9 /* PBXContainerItemProxy */ = {
			isa = PBXContainerItemProxy;
			containerPortal = AA758B1D1A362EA5007DEEA9 /* Project object */;
			proxyType = 1;
			remoteGlobalIDString = AA758B241A362EA5007DEEA9;
			remoteInfo = Compound;
		};
/* End PBXContainerItemProxy section */

/* Begin PBXFileReference section */
		AA758B251A362EA6007DEEA9 /* Compound.app */ = {isa = PBXFileReference; explicitFileType = wrapper.application; includeInIndex = 0; path = Compound.app; sourceTree = BUILT_PRODUCTS_DIR; };
		AA758B291A362EA6007DEEA9 /* Info.plist */ = {isa = PBXFileReference; lastKnownFileType = text.plist.xml; path = Info.plist; sourceTree = "<group>"; };
		AA758B2A1A362EA6007DEEA9 /* AppDelegate.swift */ = {isa = PBXFileReference; lastKnownFileType = sourcecode.swift; path = AppDelegate.swift; sourceTree = "<group>"; };
		AA758B2E1A362EA6007DEEA9 /* GameScene.swift */ = {isa = PBXFileReference; lastKnownFileType = sourcecode.swift; path = GameScene.swift; sourceTree = "<group>"; };
		AA758B331A362EA6007DEEA9 /* Base */ = {isa = PBXFileReference; lastKnownFileType = file.storyboard; name = Base; path = Base.lproj/Main.storyboard; sourceTree = "<group>"; };
		AA758B381A362EA6007DEEA9 /* Base */ = {isa = PBXFileReference; lastKnownFileType = file.xib; name = Base; path = Base.lproj/LaunchScreen.xib; sourceTree = "<group>"; };
		AA758B3E1A362EA6007DEEA9 /* CompoundTests.xctest */ = {isa = PBXFileReference; explicitFileType = wrapper.cfbundle; includeInIndex = 0; path = CompoundTests.xctest; sourceTree = BUILT_PRODUCTS_DIR; };
		AA758B431A362EA6007DEEA9 /* Info.plist */ = {isa = PBXFileReference; lastKnownFileType = text.plist.xml; path = Info.plist; sourceTree = "<group>"; };
		AA758B441A362EA6007DEEA9 /* CompoundTests.swift */ = {isa = PBXFileReference; lastKnownFileType = sourcecode.swift; path = CompoundTests.swift; sourceTree = "<group>"; };
		AA758B4E1A363009007DEEA9 /* Button.swift */ = {isa = PBXFileReference; fileEncoding = 4; lastKnownFileType = sourcecode.swift; path = Button.swift; sourceTree = "<group>"; };
		AA758B501A3631BF007DEEA9 /* BusinessLogic.swift */ = {isa = PBXFileReference; fileEncoding = 4; lastKnownFileType = sourcecode.swift; path = BusinessLogic.swift; sourceTree = "<group>"; };
		AA758B541A363248007DEEA9 /* Base */ = {isa = PBXFileReference; lastKnownFileType = file.xib; name = Base; path = LaunchScreen.xib; sourceTree = "<group>"; };
		AA758B561A363248007DEEA9 /* Base */ = {isa = PBXFileReference; lastKnownFileType = file.storyboard; name = Base; path = Main.storyboard; sourceTree = "<group>"; };
		AA758B581A363248007DEEA9 /* Challenge.swift */ = {isa = PBXFileReference; fileEncoding = 4; lastKnownFileType = sourcecode.swift; path = Challenge.swift; sourceTree = "<group>"; };
		AA758B5B1A363248007DEEA9 /* DataAccess.swift */ = {isa = PBXFileReference; fileEncoding = 4; lastKnownFileType = sourcecode.swift; path = DataAccess.swift; sourceTree = "<group>"; };
		AA758B5C1A363248007DEEA9 /* GameViewController.swift */ = {isa = PBXFileReference; fileEncoding = 4; lastKnownFileType = sourcecode.swift; path = GameViewController.swift; sourceTree = "<group>"; };
		AA758B5D1A363248007DEEA9 /* Images.xcassets */ = {isa = PBXFileReference; lastKnownFileType = folder.assetcatalog; path = Images.xcassets; sourceTree = "<group>"; };
		AA758B5E1A363248007DEEA9 /* Keyboard.swift */ = {isa = PBXFileReference; fileEncoding = 4; lastKnownFileType = sourcecode.swift; path = Keyboard.swift; sourceTree = "<group>"; };
		AA758B611A363248007DEEA9 /* Set.swift */ = {isa = PBXFileReference; fileEncoding = 4; lastKnownFileType = sourcecode.swift; path = Set.swift; sourceTree = "<group>"; };
		AA758B631A363248007DEEA9 /* StreamReader.swift */ = {isa = PBXFileReference; fileEncoding = 4; lastKnownFileType = sourcecode.swift; path = StreamReader.swift; sourceTree = "<group>"; };
		AA758B651A363248007DEEA9 /* WordPair.swift */ = {isa = PBXFileReference; fileEncoding = 4; lastKnownFileType = sourcecode.swift; path = WordPair.swift; sourceTree = "<group>"; };
		AA758B781A3632B1007DEEA9 /* Bridging-Header.h */ = {isa = PBXFileReference; fileEncoding = 4; lastKnownFileType = sourcecode.c.h; path = "Bridging-Header.h"; sourceTree = "<group>"; };
		AA758B791A3632B1007DEEA9 /* SQLiteDB.swift */ = {isa = PBXFileReference; fileEncoding = 4; lastKnownFileType = sourcecode.swift; path = SQLiteDB.swift; sourceTree = "<group>"; };
		AA758B7A1A3632B1007DEEA9 /* String-Extras.swift */ = {isa = PBXFileReference; fileEncoding = 4; lastKnownFileType = sourcecode.swift; path = "String-Extras.swift"; sourceTree = "<group>"; };
		AA758B7E1A363324007DEEA9 /* combinations.txt */ = {isa = PBXFileReference; fileEncoding = 4; lastKnownFileType = text; path = combinations.txt; sourceTree = "<group>"; };
		AA758B7F1A363324007DEEA9 /* Combine.db */ = {isa = PBXFileReference; lastKnownFileType = file; path = Combine.db; sourceTree = "<group>"; };
		AA758B801A363324007DEEA9 /* keywords.txt */ = {isa = PBXFileReference; fileEncoding = 4; lastKnownFileType = text; path = keywords.txt; sourceTree = "<group>"; };
		AA758B811A363324007DEEA9 /* keywords.xml */ = {isa = PBXFileReference; fileEncoding = 4; lastKnownFileType = text.xml; path = keywords.xml; sourceTree = "<group>"; };
		AA758B861A3633A2007DEEA9 /* libsqlite3.dylib */ = {isa = PBXFileReference; lastKnownFileType = "compiled.mach-o.dylib"; name = libsqlite3.dylib; path = usr/lib/libsqlite3.dylib; sourceTree = SDKROOT; };
/* End PBXFileReference section */

/* Begin PBXFrameworksBuildPhase section */
		AA758B221A362EA5007DEEA9 /* Frameworks */ = {
			isa = PBXFrameworksBuildPhase;
			buildActionMask = 2147483647;
			files = (
				AA758B871A3633A2007DEEA9 /* libsqlite3.dylib in Frameworks */,
			);
			runOnlyForDeploymentPostprocessing = 0;
		};
		AA758B3B1A362EA6007DEEA9 /* Frameworks */ = {
			isa = PBXFrameworksBuildPhase;
			buildActionMask = 2147483647;
			files = (
			);
			runOnlyForDeploymentPostprocessing = 0;
		};
/* End PBXFrameworksBuildPhase section */

/* Begin PBXGroup section */
		AA758B1C1A362EA5007DEEA9 = {
			isa = PBXGroup;
			children = (
				AA758B861A3633A2007DEEA9 /* libsqlite3.dylib */,
				AA758B271A362EA6007DEEA9 /* Compound */,
				AA758B411A362EA6007DEEA9 /* CompoundTests */,
				AA758B261A362EA6007DEEA9 /* Products */,
			);
			sourceTree = "<group>";
		};
		AA758B261A362EA6007DEEA9 /* Products */ = {
			isa = PBXGroup;
			children = (
				AA758B251A362EA6007DEEA9 /* Compound.app */,
				AA758B3E1A362EA6007DEEA9 /* CompoundTests.xctest */,
			);
			name = Products;
			sourceTree = "<group>";
		};
		AA758B271A362EA6007DEEA9 /* Compound */ = {
			isa = PBXGroup;
			children = (
				AA758B2A1A362EA6007DEEA9 /* AppDelegate.swift */,
				AA758B501A3631BF007DEEA9 /* BusinessLogic.swift */,
				AA758B4E1A363009007DEEA9 /* Button.swift */,
				AA758B581A363248007DEEA9 /* Challenge.swift */,
				AA758B5B1A363248007DEEA9 /* DataAccess.swift */,
				AA758B2E1A362EA6007DEEA9 /* GameScene.swift */,
				AA758B5C1A363248007DEEA9 /* GameViewController.swift */,
				AA758B5E1A363248007DEEA9 /* Keyboard.swift */,
				AA758B611A363248007DEEA9 /* Set.swift */,
				AA758B631A363248007DEEA9 /* StreamReader.swift */,
				AA758B651A363248007DEEA9 /* WordPair.swift */,
				AA758B5D1A363248007DEEA9 /* Images.xcassets */,
				AA758B521A363248007DEEA9 /* Base.lproj */,
				AA758B7D1A363324007DEEA9 /* Data */,
				AA758B371A362EA6007DEEA9 /* LaunchScreen.xib */,
				AA758B321A362EA6007DEEA9 /* Main.storyboard */,
				AA758B771A3632B1007DEEA9 /* SQLiteDB */,
				AA758B281A362EA6007DEEA9 /* Supporting Files */,
			);
			path = Compound;
			sourceTree = "<group>";
		};
		AA758B281A362EA6007DEEA9 /* Supporting Files */ = {
			isa = PBXGroup;
			children = (
				AA758B291A362EA6007DEEA9 /* Info.plist */,
			);
			name = "Supporting Files";
			sourceTree = "<group>";
		};
		AA758B411A362EA6007DEEA9 /* CompoundTests */ = {
			isa = PBXGroup;
			children = (
				AA758B441A362EA6007DEEA9 /* CompoundTests.swift */,
				AA758B421A362EA6007DEEA9 /* Supporting Files */,
			);
			path = CompoundTests;
			sourceTree = "<group>";
		};
		AA758B421A362EA6007DEEA9 /* Supporting Files */ = {
			isa = PBXGroup;
			children = (
				AA758B431A362EA6007DEEA9 /* Info.plist */,
			);
			name = "Supporting Files";
			sourceTree = "<group>";
		};
		AA758B521A363248007DEEA9 /* Base.lproj */ = {
			isa = PBXGroup;
			children = (
				AA758B531A363248007DEEA9 /* LaunchScreen.xib */,
				AA758B551A363248007DEEA9 /* Main.storyboard */,
			);
			path = Base.lproj;
			sourceTree = "<group>";
		};
		AA758B771A3632B1007DEEA9 /* SQLiteDB */ = {
			isa = PBXGroup;
			children = (
				AA758B781A3632B1007DEEA9 /* Bridging-Header.h */,
				AA758B791A3632B1007DEEA9 /* SQLiteDB.swift */,
				AA758B7A1A3632B1007DEEA9 /* String-Extras.swift */,
			);
			path = SQLiteDB;
			sourceTree = "<group>";
		};
		AA758B7D1A363324007DEEA9 /* Data */ = {
			isa = PBXGroup;
			children = (
				AA758B7E1A363324007DEEA9 /* combinations.txt */,
				AA758B7F1A363324007DEEA9 /* Combine.db */,
				AA758B801A363324007DEEA9 /* keywords.txt */,
				AA758B811A363324007DEEA9 /* keywords.xml */,
			);
			path = Data;
			sourceTree = "<group>";
		};
/* End PBXGroup section */

/* Begin PBXNativeTarget section */
		AA758B241A362EA5007DEEA9 /* Compound */ = {
			isa = PBXNativeTarget;
			buildConfigurationList = AA758B481A362EA6007DEEA9 /* Build configuration list for PBXNativeTarget "Compound" */;
			buildPhases = (
				AA758B211A362EA5007DEEA9 /* Sources */,
				AA758B221A362EA5007DEEA9 /* Frameworks */,
				AA758B231A362EA5007DEEA9 /* Resources */,
			);
			buildRules = (
			);
			dependencies = (
			);
			name = Compound;
			productName = Compound;
			productReference = AA758B251A362EA6007DEEA9 /* Compound.app */;
			productType = "com.apple.product-type.application";
		};
		AA758B3D1A362EA6007DEEA9 /* CompoundTests */ = {
			isa = PBXNativeTarget;
			buildConfigurationList = AA758B4B1A362EA6007DEEA9 /* Build configuration list for PBXNativeTarget "CompoundTests" */;
			buildPhases = (
				AA758B3A1A362EA6007DEEA9 /* Sources */,
				AA758B3B1A362EA6007DEEA9 /* Frameworks */,
				AA758B3C1A362EA6007DEEA9 /* Resources */,
			);
			buildRules = (
			);
			dependencies = (
				AA758B401A362EA6007DEEA9 /* PBXTargetDependency */,
			);
			name = CompoundTests;
			productName = CompoundTests;
			productReference = AA758B3E1A362EA6007DEEA9 /* CompoundTests.xctest */;
			productType = "com.apple.product-type.bundle.unit-test";
		};
/* End PBXNativeTarget section */

/* Begin PBXProject section */
		AA758B1D1A362EA5007DEEA9 /* Project object */ = {
			isa = PBXProject;
			attributes = {
				LastUpgradeCheck = 0610;
				ORGANIZATIONNAME = "Daniel Maness";
				TargetAttributes = {
					AA758B241A362EA5007DEEA9 = {
						CreatedOnToolsVersion = 6.1.1;
					};
					AA758B3D1A362EA6007DEEA9 = {
						CreatedOnToolsVersion = 6.1.1;
						TestTargetID = AA758B241A362EA5007DEEA9;
					};
				};
			};
			buildConfigurationList = AA758B201A362EA5007DEEA9 /* Build configuration list for PBXProject "Compound" */;
			compatibilityVersion = "Xcode 3.2";
			developmentRegion = English;
			hasScannedForEncodings = 0;
			knownRegions = (
				en,
				Base,
			);
			mainGroup = AA758B1C1A362EA5007DEEA9;
			productRefGroup = AA758B261A362EA6007DEEA9 /* Products */;
			projectDirPath = "";
			projectRoot = "";
			targets = (
				AA758B241A362EA5007DEEA9 /* Compound */,
				AA758B3D1A362EA6007DEEA9 /* CompoundTests */,
			);
		};
/* End PBXProject section */

/* Begin PBXResourcesBuildPhase section */
		AA758B231A362EA5007DEEA9 /* Resources */ = {
			isa = PBXResourcesBuildPhase;
			buildActionMask = 2147483647;
			files = (
				AA758B6D1A363248007DEEA9 /* Images.xcassets in Resources */,
				AA758B661A363248007DEEA9 /* LaunchScreen.xib in Resources */,
				AA758B821A363324007DEEA9 /* combinations.txt in Resources */,
				AA758B831A363324007DEEA9 /* Combine.db in Resources */,
				AA758B671A363248007DEEA9 /* Main.storyboard in Resources */,
				AA758B391A362EA6007DEEA9 /* LaunchScreen.xib in Resources */,
				AA758B851A363324007DEEA9 /* keywords.xml in Resources */,
				AA758B841A363324007DEEA9 /* keywords.txt in Resources */,
				AA758B341A362EA6007DEEA9 /* Main.storyboard in Resources */,
			);
			runOnlyForDeploymentPostprocessing = 0;
		};
		AA758B3C1A362EA6007DEEA9 /* Resources */ = {
			isa = PBXResourcesBuildPhase;
			buildActionMask = 2147483647;
			files = (
			);
			runOnlyForDeploymentPostprocessing = 0;
		};
/* End PBXResourcesBuildPhase section */

/* Begin PBXSourcesBuildPhase section */
		AA758B211A362EA5007DEEA9 /* Sources */ = {
			isa = PBXSourcesBuildPhase;
			buildActionMask = 2147483647;
			files = (
				AA758B6C1A363248007DEEA9 /* GameViewController.swift in Sources */,
				AA758B751A363248007DEEA9 /* WordPair.swift in Sources */,
				AA758B7C1A3632B1007DEEA9 /* String-Extras.swift in Sources */,
				AA758B511A3631BF007DEEA9 /* BusinessLogic.swift in Sources */,
				AA758B6E1A363248007DEEA9 /* Keyboard.swift in Sources */,
				AA758B6B1A363248007DEEA9 /* DataAccess.swift in Sources */,
				AA758B731A363248007DEEA9 /* StreamReader.swift in Sources */,
				AA758B2F1A362EA6007DEEA9 /* GameScene.swift in Sources */,
				AA758B2B1A362EA6007DEEA9 /* AppDelegate.swift in Sources */,
				AA758B4F1A363009007DEEA9 /* Button.swift in Sources */,
				AA758B7B1A3632B1007DEEA9 /* SQLiteDB.swift in Sources */,
				AA758B681A363248007DEEA9 /* Challenge.swift in Sources */,
				AA758B711A363248007DEEA9 /* Set.swift in Sources */,
			);
			runOnlyForDeploymentPostprocessing = 0;
		};
		AA758B3A1A362EA6007DEEA9 /* Sources */ = {
			isa = PBXSourcesBuildPhase;
			buildActionMask = 2147483647;
			files = (
				AA758B451A362EA6007DEEA9 /* CompoundTests.swift in Sources */,
			);
			runOnlyForDeploymentPostprocessing = 0;
		};
/* End PBXSourcesBuildPhase section */

/* Begin PBXTargetDependency section */
		AA758B401A362EA6007DEEA9 /* PBXTargetDependency */ = {
			isa = PBXTargetDependency;
			target = AA758B241A362EA5007DEEA9 /* Compound */;
			targetProxy = AA758B3F1A362EA6007DEEA9 /* PBXContainerItemProxy */;
		};
/* End PBXTargetDependency section */

/* Begin PBXVariantGroup section */
		AA758B321A362EA6007DEEA9 /* Main.storyboard */ = {
			isa = PBXVariantGroup;
			children = (
				AA758B331A362EA6007DEEA9 /* Base */,
			);
			name = Main.storyboard;
			sourceTree = "<group>";
		};
		AA758B371A362EA6007DEEA9 /* LaunchScreen.xib */ = {
			isa = PBXVariantGroup;
			children = (
				AA758B381A362EA6007DEEA9 /* Base */,
			);
			name = LaunchScreen.xib;
			sourceTree = "<group>";
		};
		AA758B531A363248007DEEA9 /* LaunchScreen.xib */ = {
			isa = PBXVariantGroup;
			children = (
				AA758B541A363248007DEEA9 /* Base */,
			);
			name = LaunchScreen.xib;
			sourceTree = "<group>";
		};
		AA758B551A363248007DEEA9 /* Main.storyboard */ = {
			isa = PBXVariantGroup;
			children = (
				AA758B561A363248007DEEA9 /* Base */,
			);
			name = Main.storyboard;
			sourceTree = "<group>";
		};
/* End PBXVariantGroup section */

/* Begin XCBuildConfiguration section */
		AA758B461A362EA6007DEEA9 /* Debug */ = {
			isa = XCBuildConfiguration;
			buildSettings = {
				ALWAYS_SEARCH_USER_PATHS = NO;
				CLANG_CXX_LANGUAGE_STANDARD = "gnu++0x";
				CLANG_CXX_LIBRARY = "libc++";
				CLANG_ENABLE_MODULES = YES;
				CLANG_ENABLE_OBJC_ARC = YES;
				CLANG_WARN_BOOL_CONVERSION = YES;
				CLANG_WARN_CONSTANT_CONVERSION = YES;
				CLANG_WARN_DIRECT_OBJC_ISA_USAGE = YES_ERROR;
				CLANG_WARN_EMPTY_BODY = YES;
				CLANG_WARN_ENUM_CONVERSION = YES;
				CLANG_WARN_INT_CONVERSION = YES;
				CLANG_WARN_OBJC_ROOT_CLASS = YES_ERROR;
				CLANG_WARN_UNREACHABLE_CODE = YES;
				CLANG_WARN__DUPLICATE_METHOD_MATCH = YES;
				"CODE_SIGN_IDENTITY[sdk=iphoneos*]" = "iPhone Developer";
				COPY_PHASE_STRIP = NO;
				ENABLE_STRICT_OBJC_MSGSEND = YES;
				GCC_C_LANGUAGE_STANDARD = gnu99;
				GCC_DYNAMIC_NO_PIC = NO;
				GCC_OPTIMIZATION_LEVEL = 0;
				GCC_PREPROCESSOR_DEFINITIONS = (
					"DEBUG=1",
					"$(inherited)",
				);
				GCC_SYMBOLS_PRIVATE_EXTERN = NO;
				GCC_WARN_64_TO_32_BIT_CONVERSION = YES;
				GCC_WARN_ABOUT_RETURN_TYPE = YES_ERROR;
				GCC_WARN_UNDECLARED_SELECTOR = YES;
				GCC_WARN_UNINITIALIZED_AUTOS = YES_AGGRESSIVE;
				GCC_WARN_UNUSED_FUNCTION = YES;
				GCC_WARN_UNUSED_VARIABLE = YES;
				IPHONEOS_DEPLOYMENT_TARGET = 8.1;
				MTL_ENABLE_DEBUG_INFO = YES;
				ONLY_ACTIVE_ARCH = YES;
				SDKROOT = iphoneos;
				SWIFT_OBJC_BRIDGING_HEADER = "Compound/SQLiteDB/Bridging-Header.h";
				SWIFT_OPTIMIZATION_LEVEL = "-Onone";
			};
			name = Debug;
		};
		AA758B471A362EA6007DEEA9 /* Release */ = {
			isa = XCBuildConfiguration;
			buildSettings = {
				ALWAYS_SEARCH_USER_PATHS = NO;
				CLANG_CXX_LANGUAGE_STANDARD = "gnu++0x";
				CLANG_CXX_LIBRARY = "libc++";
				CLANG_ENABLE_MODULES = YES;
				CLANG_ENABLE_OBJC_ARC = YES;
				CLANG_WARN_BOOL_CONVERSION = YES;
				CLANG_WARN_CONSTANT_CONVERSION = YES;
				CLANG_WARN_DIRECT_OBJC_ISA_USAGE = YES_ERROR;
				CLANG_WARN_EMPTY_BODY = YES;
				CLANG_WARN_ENUM_CONVERSION = YES;
				CLANG_WARN_INT_CONVERSION = YES;
				CLANG_WARN_OBJC_ROOT_CLASS = YES_ERROR;
				CLANG_WARN_UNREACHABLE_CODE = YES;
				CLANG_WARN__DUPLICATE_METHOD_MATCH = YES;
				"CODE_SIGN_IDENTITY[sdk=iphoneos*]" = "iPhone Developer";
				COPY_PHASE_STRIP = YES;
				ENABLE_NS_ASSERTIONS = NO;
				ENABLE_STRICT_OBJC_MSGSEND = YES;
				GCC_C_LANGUAGE_STANDARD = gnu99;
				GCC_WARN_64_TO_32_BIT_CONVERSION = YES;
				GCC_WARN_ABOUT_RETURN_TYPE = YES_ERROR;
				GCC_WARN_UNDECLARED_SELECTOR = YES;
				GCC_WARN_UNINITIALIZED_AUTOS = YES_AGGRESSIVE;
				GCC_WARN_UNUSED_FUNCTION = YES;
				GCC_WARN_UNUSED_VARIABLE = YES;
				IPHONEOS_DEPLOYMENT_TARGET = 8.1;
				MTL_ENABLE_DEBUG_INFO = NO;
				SDKROOT = iphoneos;
				SWIFT_OBJC_BRIDGING_HEADER = "Compound/SQLiteDB/Bridging-Header.h";
				VALIDATE_PRODUCT = YES;
			};
			name = Release;
		};
		AA758B491A362EA6007DEEA9 /* Debug */ = {
			isa = XCBuildConfiguration;
			buildSettings = {
				ASSETCATALOG_COMPILER_APPICON_NAME = AppIcon;
				INFOPLIST_FILE = Compound/Info.plist;
				LD_RUNPATH_SEARCH_PATHS = "$(inherited) @executable_path/Frameworks";
				PRODUCT_NAME = "$(TARGET_NAME)";
			};
			name = Debug;
		};
		AA758B4A1A362EA6007DEEA9 /* Release */ = {
			isa = XCBuildConfiguration;
			buildSettings = {
				ASSETCATALOG_COMPILER_APPICON_NAME = AppIcon;
				INFOPLIST_FILE = Compound/Info.plist;
				LD_RUNPATH_SEARCH_PATHS = "$(inherited) @executable_path/Frameworks";
				PRODUCT_NAME = "$(TARGET_NAME)";
			};
			name = Release;
		};
		AA758B4C1A362EA6007DEEA9 /* Debug */ = {
			isa = XCBuildConfiguration;
			buildSettings = {
				BUNDLE_LOADER = "$(TEST_HOST)";
				FRAMEWORK_SEARCH_PATHS = (
					"$(SDKROOT)/Developer/Library/Frameworks",
					"$(inherited)",
				);
				GCC_PREPROCESSOR_DEFINITIONS = (
					"DEBUG=1",
					"$(inherited)",
				);
				INFOPLIST_FILE = CompoundTests/Info.plist;
				LD_RUNPATH_SEARCH_PATHS = "$(inherited) @executable_path/Frameworks @loader_path/Frameworks";
				PRODUCT_NAME = "$(TARGET_NAME)";
				TEST_HOST = "$(BUILT_PRODUCTS_DIR)/Compound.app/Compound";
			};
			name = Debug;
		};
		AA758B4D1A362EA6007DEEA9 /* Release */ = {
			isa = XCBuildConfiguration;
			buildSettings = {
				BUNDLE_LOADER = "$(TEST_HOST)";
				FRAMEWORK_SEARCH_PATHS = (
					"$(SDKROOT)/Developer/Library/Frameworks",
					"$(inherited)",
				);
				INFOPLIST_FILE = CompoundTests/Info.plist;
				LD_RUNPATH_SEARCH_PATHS = "$(inherited) @executable_path/Frameworks @loader_path/Frameworks";
				PRODUCT_NAME = "$(TARGET_NAME)";
				TEST_HOST = "$(BUILT_PRODUCTS_DIR)/Compound.app/Compound";
			};
			name = Release;
		};
/* End XCBuildConfiguration section */

/* Begin XCConfigurationList section */
		AA758B201A362EA5007DEEA9 /* Build configuration list for PBXProject "Compound" */ = {
			isa = XCConfigurationList;
			buildConfigurations = (
				AA758B461A362EA6007DEEA9 /* Debug */,
				AA758B471A362EA6007DEEA9 /* Release */,
			);
			defaultConfigurationIsVisible = 0;
			defaultConfigurationName = Release;
		};
		AA758B481A362EA6007DEEA9 /* Build configuration list for PBXNativeTarget "Compound" */ = {
			isa = XCConfigurationList;
			buildConfigurations = (
				AA758B491A362EA6007DEEA9 /* Debug */,
				AA758B4A1A362EA6007DEEA9 /* Release */,
			);
			defaultConfigurationIsVisible = 0;
			defaultConfigurationName = Release;
		};
		AA758B4B1A362EA6007DEEA9 /* Build configuration list for PBXNativeTarget "CompoundTests" */ = {
			isa = XCConfigurationList;
			buildConfigurations = (
				AA758B4C1A362EA6007DEEA9 /* Debug */,
				AA758B4D1A362EA6007DEEA9 /* Release */,
			);
			defaultConfigurationIsVisible = 0;
			defaultConfigurationName = Release;
		};
/* End XCConfigurationList section */
	};
	rootObject = AA758B1D1A362EA5007DEEA9 /* Project object */;
}
